// !$*UTF8*$!
{
	archiveVersion = 1;
	classes = {
	};
	objectVersion = 60;
	objects = {

/* Begin PBXBuildFile section */
		200000000000000000000001 /* OngakuDesktopApp.swift in Sources */ = {isa = PBXBuildFile; fileRef = 100000000000000000000001 /* OngakuDesktopApp.swift */; };
		200000000000000000000002 /* DesignTokens.swift in Sources */ = {isa = PBXBuildFile; fileRef = 100000000000000000000002 /* DesignTokens.swift */; };
		200000000000000000000003 /* Localization.swift in Sources */ = {isa = PBXBuildFile; fileRef = 100000000000000000000003 /* Localization.swift */; };
		200000000000000000000004 /* LibraryModels.swift in Sources */ = {isa = PBXBuildFile; fileRef = 100000000000000000000004 /* LibraryModels.swift */; };
		200000000000000000000005 /* LibraryRepository.swift in Sources */ = {isa = PBXBuildFile; fileRef = 100000000000000000000005 /* LibraryRepository.swift */; };
		200000000000000000000006 /* LibraryStore.swift in Sources */ = {isa = PBXBuildFile; fileRef = 100000000000000000000006 /* LibraryStore.swift */; };
		200000000000000000000007 /* PlaybackController.swift in Sources */ = {isa = PBXBuildFile; fileRef = 100000000000000000000007 /* PlaybackController.swift */; };
		200000000000000000000008 /* ContentView.swift in Sources */ = {isa = PBXBuildFile; fileRef = 100000000000000000000008 /* ContentView.swift */; };
		200000000000000000000009 /* LibrarySidebar.swift in Sources */ = {isa = PBXBuildFile; fileRef = 100000000000000000000009 /* LibrarySidebar.swift */; };
		20000000000000000000000A /* LibraryContent.swift in Sources */ = {isa = PBXBuildFile; fileRef = 10000000000000000000000A /* LibraryContent.swift */; };
		20000000000000000000000B /* TrackInspector.swift in Sources */ = {isa = PBXBuildFile; fileRef = 10000000000000000000000B /* TrackInspector.swift */; };
		20000000000000000000000C /* PlayerBar.swift in Sources */ = {isa = PBXBuildFile; fileRef = 10000000000000000000000C /* PlayerBar.swift */; };
		20000000000000000000000D /* Localizable.strings in Resources */ = {isa = PBXBuildFile; fileRef = 100000000000000000000010 /* Localizable.strings */; };
		20000000000000000000000E /* AudioOutputManager.swift in Sources */ = {isa = PBXBuildFile; fileRef = 100000000000000000000011 /* AudioOutputManager.swift */; };
		20000000000000000000000F /* AudioEffectPreset.swift in Sources */ = {isa = PBXBuildFile; fileRef = 100000000000000000000021 /* AudioEffectPreset.swift */; };
		200000000000000000000010 /* AudioEffectNode.swift in Sources */ = {isa = PBXBuildFile; fileRef = 100000000000000000000022 /* AudioEffectNode.swift */; };
		200000000000000000000011 /* AudioEffectModuleRegistry.swift in Sources */ = {isa = PBXBuildFile; fileRef = 100000000000000000000023 /* AudioEffectModuleRegistry.swift */; };
		200000000000000000000012 /* SimulationAudioEffect.swift in Sources */ = {isa = PBXBuildFile; fileRef = 100000000000000000000024 /* SimulationAudioEffect.swift */; };
		200000000000000000000013 /* EqualizerAudioEffect.swift in Sources */ = {isa = PBXBuildFile; fileRef = 100000000000000000000025 /* EqualizerAudioEffect.swift */; };
		200000000000000000000014 /* BodyAudioEffect.swift in Sources */ = {isa = PBXBuildFile; fileRef = 100000000000000000000026 /* BodyAudioEffect.swift */; };
		200000000000000000000015 /* ExciterAudioEffect.swift in Sources */ = {isa = PBXBuildFile; fileRef = 100000000000000000000027 /* ExciterAudioEffect.swift */; };
		200000000000000000000016 /* OptoFETAudioEffect.swift in Sources */ = {isa = PBXBuildFile; fileRef = 100000000000000000000028 /* OptoFETAudioEffect.swift */; };
		200000000000000000000017 /* WarmAudioEffect.swift in Sources */ = {isa = PBXBuildFile; fileRef = 100000000000000000000029 /* WarmAudioEffect.swift */; };
		200000000000000000000018 /* GlossAudioEffect.swift in Sources */ = {isa = PBXBuildFile; fileRef = 10000000000000000000002A /* GlossAudioEffect.swift */; };
		200000000000000000000019 /* SpaceAudioEffect.swift in Sources */ = {isa = PBXBuildFile; fileRef = 10000000000000000000002B /* SpaceAudioEffect.swift */; };
		20000000000000000000001A /* BBEAudioEffect.swift in Sources */ = {isa = PBXBuildFile; fileRef = 10000000000000000000002C /* BBEAudioEffect.swift */; };
		20000000000000000000001B /* HighQualityEnhancementAudioEffect.swift in Sources */ = {isa = PBXBuildFile; fileRef = 10000000000000000000002D /* HighQualityEnhancementAudioEffect.swift */; };
		20000000000000000000001C /* RotaryKnob.swift in Sources */ = {isa = PBXBuildFile; fileRef = 10000000000000000000002E /* RotaryKnob.swift */; };
		20000000000000000000001D /* EffectsRackView.swift in Sources */ = {isa = PBXBuildFile; fileRef = 10000000000000000000002F /* EffectsRackView.swift */; };
		20000000000000000000001E /* MiniToggleSwitch.swift in Sources */ = {isa = PBXBuildFile; fileRef = 100000000000000000000030 /* MiniToggleSwitch.swift */; };
		20000000000000000000001F /* LibraryStorageSettings.swift in Sources */ = {isa = PBXBuildFile; fileRef = 100000000000000000000031 /* LibraryStorageSettings.swift */; };
		200000000000000000000020 /* StorageSettingsView.swift in Sources */ = {isa = PBXBuildFile; fileRef = 100000000000000000000032 /* StorageSettingsView.swift */; };
		200000000000000000000021 /* AppLanguageSettings.swift in Sources */ = {isa = PBXBuildFile; fileRef = 100000000000000000000033 /* AppLanguageSettings.swift */; };
		200000000000000000000022 /* PreferencesView.swift in Sources */ = {isa = PBXBuildFile; fileRef = 100000000000000000000034 /* PreferencesView.swift */; };
		200000000000000000000023 /* AppAppearanceSettings.swift in Sources */ = {isa = PBXBuildFile; fileRef = 100000000000000000000035 /* AppAppearanceSettings.swift */; };
		200000000000000000000024 /* WindowPresentationController.swift in Sources */ = {isa = PBXBuildFile; fileRef = 100000000000000000000036 /* WindowPresentationController.swift */; };
		200000000000000000000025 /* MiniPlayerView.swift in Sources */ = {isa = PBXBuildFile; fileRef = 100000000000000000000037 /* MiniPlayerView.swift */; };
		200000000000000000000026 /* Sparkle in Frameworks */ = {isa = PBXBuildFile; productRef = C00000000000000000000002 /* Sparkle */; };
		200000000000000000000027 /* ArtworkResolver.swift in Sources */ = {isa = PBXBuildFile; fileRef = 100000000000000000000038 /* ArtworkResolver.swift */; };
		200000000000000000000028 /* MetadataEditorView.swift in Sources */ = {isa = PBXBuildFile; fileRef = 100000000000000000000039 /* MetadataEditorView.swift */; };
		20000000000000000000002D /* AudioFileMetadataWriter.swift in Sources */ = {isa = PBXBuildFile; fileRef = 100000000000000000000044 /* AudioFileMetadataWriter.swift */; };
		20000000000000000000002E /* PlaylistTransfer.swift in Sources */ = {isa = PBXBuildFile; fileRef = 100000000000000000000045 /* PlaylistTransfer.swift */; };
		20000000000000000000002F /* LRCLIBService.swift in Sources */ = {isa = PBXBuildFile; fileRef = 100000000000000000000046 /* LRCLIBService.swift */; };
		200000000000000000000030 /* MusicBrainzService.swift in Sources */ = {isa = PBXBuildFile; fileRef = 100000000000000000000047 /* MusicBrainzService.swift */; };
		200000000000000000000031 /* MusicBrainzCandidatePicker.swift in Sources */ = {isa = PBXBuildFile; fileRef = 100000000000000000000048 /* MusicBrainzCandidatePicker.swift */; };
		200000000000000000000032 /* AudioCDImportView.swift in Sources */ = {isa = PBXBuildFile; fileRef = 100000000000000000000049 /* AudioCDImportView.swift */; };
		200000000000000000000033 /* AppleMusicStoreView.swift in Sources */ = {isa = PBXBuildFile; fileRef = 10000000000000000000004A /* AppleMusicStoreView.swift */; };
		200000000000000000000035 /* AppleMusicPlaybackController.swift in Sources */ = {isa = PBXBuildFile; fileRef = 10000000000000000000004F /* AppleMusicPlaybackController.swift */; };
		200000000000000000000036 /* AudioFeatureAnalysis.swift in Sources */ = {isa = PBXBuildFile; fileRef = 100000000000000000000050 /* AudioFeatureAnalysis.swift */; };
		200000000000000000000037 /* URLAudioImportView.swift in Sources */ = {isa = PBXBuildFile; fileRef = 100000000000000000000051 /* URLAudioImportView.swift */; };
		200000000000000000000038 /* LegacyLibraryMigrationView.swift in Sources */ = {isa = PBXBuildFile; fileRef = 100000000000000000000052 /* LegacyLibraryMigrationView.swift */; };
		200000000000000000000039 /* OngakuLibraryMigrationView.swift in Sources */ = {isa = PBXBuildFile; fileRef = 100000000000000000000053 /* OngakuLibraryMigrationView.swift */; };
		200000000000000000000040 /* SharedFolderMigrationView.swift in Sources */ = {isa = PBXBuildFile; fileRef = 100000000000000000000054 /* SharedFolderMigrationView.swift */; };
		200000000000000000000041 /* MediaOrganizationView.swift in Sources */ = {isa = PBXBuildFile; fileRef = 100000000000000000000055 /* MediaOrganizationView.swift */; };
		200000000000000000000042 /* DeviceSyncModels.swift in Sources */ = {isa = PBXBuildFile; fileRef = 100000000000000000000056 /* DeviceSyncModels.swift */; };
		200000000000000000000043 /* PhoneSyncController.swift in Sources */ = {isa = PBXBuildFile; fileRef = 100000000000000000000057 /* PhoneSyncController.swift */; };
		200000000000000000000044 /* DeviceSyncView.swift in Sources */ = {isa = PBXBuildFile; fileRef = 100000000000000000000058 /* DeviceSyncView.swift */; };
		200000000000000000000045 /* PrivacyInfo.xcprivacy in Resources */ = {isa = PBXBuildFile; fileRef = 100000000000000000000059 /* PrivacyInfo.xcprivacy */; };
		U20000000000000000000001 /* OngakuDesktopUITests.swift in Sources */ = {isa = PBXBuildFile; fileRef = U10000000000000000000001 /* OngakuDesktopUITests.swift */; };
		D20000000000000000000001 /* OngakuMobileApp.swift in Sources */ = {isa = PBXBuildFile; fileRef = D10000000000000000000001 /* OngakuMobileApp.swift */; };
		D20000000000000000000002 /* MobileContentView.swift in Sources */ = {isa = PBXBuildFile; fileRef = D10000000000000000000002 /* MobileContentView.swift */; };
		D20000000000000000000003 /* MobileSyncController.swift in Sources */ = {isa = PBXBuildFile; fileRef = D10000000000000000000003 /* MobileSyncController.swift */; };
		D20000000000000000000004 /* DeviceSyncModels.swift in Sources */ = {isa = PBXBuildFile; fileRef = D1000000000000000000000B /* DeviceSyncModels.swift */; };
		D20000000000000000000005 /* Localizable.strings in Resources */ = {isa = PBXBuildFile; fileRef = D10000000000000000000010 /* Localizable.strings */; };
		D20000000000000000000006 /* InfoPlist.strings in Resources */ = {isa = PBXBuildFile; fileRef = D10000000000000000000011 /* InfoPlist.strings */; };
		D20000000000000000000007 /* LibraryModels.swift in Sources */ = {isa = PBXBuildFile; fileRef = D10000000000000000000012 /* LibraryModels.swift */; };
		D20000000000000000000008 /* AudioFeatureAnalysis.swift in Sources */ = {isa = PBXBuildFile; fileRef = D10000000000000000000013 /* AudioFeatureAnalysis.swift */; };
		D20000000000000000000009 /* SharedMusicModels.swift in Sources */ = {isa = PBXBuildFile; fileRef = D10000000000000000000014 /* SharedMusicModels.swift */; };
		D2000000000000000000000A /* PrivacyInfo.xcprivacy in Resources */ = {isa = PBXBuildFile; fileRef = D10000000000000000000015 /* PrivacyInfo.xcprivacy */; };
		200000000000000000000046 /* SharedMusicModels.swift in Sources */ = {isa = PBXBuildFile; fileRef = 10000000000000000000005A /* SharedMusicModels.swift */; };
		200000000000000000000047 /* AudioSignalPath.swift in Sources */ = {isa = PBXBuildFile; fileRef = 10000000000000000000005B /* AudioSignalPath.swift */; };
		200000000000000000000048 /* SocialPrivacySettings.swift in Sources */ = {isa = PBXBuildFile; fileRef = 10000000000000000000005C /* SocialPrivacySettings.swift */; };
		200000000000000000000049 /* SocialPrivacySettingsView.swift in Sources */ = {isa = PBXBuildFile; fileRef = 10000000000000000000005D /* SocialPrivacySettingsView.swift */; };
		20000000000000000000004A /* DeviceChunkTransfer.swift in Sources */ = {isa = PBXBuildFile; fileRef = 10000000000000000000005E /* DeviceChunkTransfer.swift */; };
		D2000000000000000000000B /* DeviceChunkTransfer.swift in Sources */ = {isa = PBXBuildFile; fileRef = D10000000000000000000016 /* DeviceChunkTransfer.swift */; };
		200000000000000000000034 /* InfoPlist.strings in Resources */ = {isa = PBXBuildFile; fileRef = 10000000000000000000004E /* InfoPlist.strings */; };
		200000000000000000000029 /* Assets.xcassets in Resources */ = {isa = PBXBuildFile; fileRef = 100000000000000000000040 /* Assets.xcassets */; };
		20000000000000000000002A /* SQLiteCatalogPrototype.swift in Sources */ = {isa = PBXBuildFile; fileRef = 100000000000000000000041 /* SQLiteCatalogPrototype.swift */; };
		20000000000000000000002B /* SystemNowPlayingController.swift in Sources */ = {isa = PBXBuildFile; fileRef = 100000000000000000000042 /* SystemNowPlayingController.swift */; };
		20000000000000000000002C /* PlayerMeterSettings.swift in Sources */ = {isa = PBXBuildFile; fileRef = 100000000000000000000043 /* PlayerMeterSettings.swift */; };
/* End PBXBuildFile section */

/* Begin PBXContainerItemProxy section */
		U80000000000000000000001 /* PBXContainerItemProxy */ = {
			isa = PBXContainerItemProxy;
			containerPortal = 800000000000000000000001 /* Project object */;
			proxyType = 1;
			remoteGlobalIDString = 500000000000000000000001;
			remoteInfo = OngakuDesktop;
		};
/* End PBXContainerItemProxy section */

/* Begin PBXFileReference section */
		100000000000000000000001 /* OngakuDesktopApp.swift */ = {isa = PBXFileReference; lastKnownFileType = sourcecode.swift; path = OngakuDesktopApp.swift; sourceTree = "<group>"; };
		100000000000000000000002 /* DesignTokens.swift */ = {isa = PBXFileReference; lastKnownFileType = sourcecode.swift; path = DesignTokens.swift; sourceTree = "<group>"; };
		100000000000000000000003 /* Localization.swift */ = {isa = PBXFileReference; lastKnownFileType = sourcecode.swift; path = Localization.swift; sourceTree = "<group>"; };
		100000000000000000000004 /* LibraryModels.swift */ = {isa = PBXFileReference; lastKnownFileType = sourcecode.swift; path = LibraryModels.swift; sourceTree = "<group>"; };
		100000000000000000000005 /* LibraryRepository.swift */ = {isa = PBXFileReference; lastKnownFileType = sourcecode.swift; path = LibraryRepository.swift; sourceTree = "<group>"; };
		100000000000000000000006 /* LibraryStore.swift */ = {isa = PBXFileReference; lastKnownFileType = sourcecode.swift; path = LibraryStore.swift; sourceTree = "<group>"; };
		100000000000000000000007 /* PlaybackController.swift */ = {isa = PBXFileReference; lastKnownFileType = sourcecode.swift; path = PlaybackController.swift; sourceTree = "<group>"; };
		100000000000000000000008 /* ContentView.swift */ = {isa = PBXFileReference; lastKnownFileType = sourcecode.swift; path = ContentView.swift; sourceTree = "<group>"; };
		100000000000000000000009 /* LibrarySidebar.swift */ = {isa = PBXFileReference; lastKnownFileType = sourcecode.swift; path = LibrarySidebar.swift; sourceTree = "<group>"; };
		100000000000000000000045 /* PlaylistTransfer.swift */ = {isa = PBXFileReference; lastKnownFileType = sourcecode.swift; path = PlaylistTransfer.swift; sourceTree = "<group>"; };
		100000000000000000000046 /* LRCLIBService.swift */ = {isa = PBXFileReference; lastKnownFileType = sourcecode.swift; path = LRCLIBService.swift; sourceTree = "<group>"; };
		100000000000000000000047 /* MusicBrainzService.swift */ = {isa = PBXFileReference; lastKnownFileType = sourcecode.swift; path = MusicBrainzService.swift; sourceTree = "<group>"; };
		100000000000000000000048 /* MusicBrainzCandidatePicker.swift */ = {isa = PBXFileReference; lastKnownFileType = sourcecode.swift; path = MusicBrainzCandidatePicker.swift; sourceTree = "<group>"; };
		100000000000000000000049 /* AudioCDImportView.swift */ = {isa = PBXFileReference; lastKnownFileType = sourcecode.swift; path = AudioCDImportView.swift; sourceTree = "<group>"; };
		10000000000000000000004A /* AppleMusicStoreView.swift */ = {isa = PBXFileReference; lastKnownFileType = sourcecode.swift; path = AppleMusicStoreView.swift; sourceTree = "<group>"; };
		10000000000000000000004F /* AppleMusicPlaybackController.swift */ = {isa = PBXFileReference; lastKnownFileType = sourcecode.swift; path = AppleMusicPlaybackController.swift; sourceTree = "<group>"; };
		100000000000000000000050 /* AudioFeatureAnalysis.swift */ = {isa = PBXFileReference; lastKnownFileType = sourcecode.swift; path = AudioFeatureAnalysis.swift; sourceTree = "<group>"; };
		100000000000000000000051 /* URLAudioImportView.swift */ = {isa = PBXFileReference; lastKnownFileType = sourcecode.swift; path = URLAudioImportView.swift; sourceTree = "<group>"; };
		100000000000000000000052 /* LegacyLibraryMigrationView.swift */ = {isa = PBXFileReference; lastKnownFileType = sourcecode.swift; path = LegacyLibraryMigrationView.swift; sourceTree = "<group>"; };
		100000000000000000000053 /* OngakuLibraryMigrationView.swift */ = {isa = PBXFileReference; lastKnownFileType = sourcecode.swift; path = OngakuLibraryMigrationView.swift; sourceTree = "<group>"; };
		100000000000000000000054 /* SharedFolderMigrationView.swift */ = {isa = PBXFileReference; lastKnownFileType = sourcecode.swift; path = SharedFolderMigrationView.swift; sourceTree = "<group>"; };
		100000000000000000000055 /* MediaOrganizationView.swift */ = {isa = PBXFileReference; lastKnownFileType = sourcecode.swift; path = MediaOrganizationView.swift; sourceTree = "<group>"; };
		100000000000000000000056 /* DeviceSyncModels.swift */ = {isa = PBXFileReference; lastKnownFileType = sourcecode.swift; path = DeviceSyncModels.swift; sourceTree = "<group>"; };
		100000000000000000000057 /* PhoneSyncController.swift */ = {isa = PBXFileReference; lastKnownFileType = sourcecode.swift; path = PhoneSyncController.swift; sourceTree = "<group>"; };
		100000000000000000000058 /* DeviceSyncView.swift */ = {isa = PBXFileReference; lastKnownFileType = sourcecode.swift; path = DeviceSyncView.swift; sourceTree = "<group>"; };
		100000000000000000000059 /* PrivacyInfo.xcprivacy */ = {isa = PBXFileReference; lastKnownFileType = text.xml; path = Resources/PrivacyInfo.xcprivacy; sourceTree = "<group>"; };
		10000000000000000000005B /* AudioSignalPath.swift */ = {isa = PBXFileReference; lastKnownFileType = sourcecode.swift; path = AudioSignalPath.swift; sourceTree = "<group>"; };
		10000000000000000000005C /* SocialPrivacySettings.swift */ = {isa = PBXFileReference; lastKnownFileType = sourcecode.swift; path = SocialPrivacySettings.swift; sourceTree = "<group>"; };
		10000000000000000000005D /* SocialPrivacySettingsView.swift */ = {isa = PBXFileReference; lastKnownFileType = sourcecode.swift; path = SocialPrivacySettingsView.swift; sourceTree = "<group>"; };
		10000000000000000000005E /* DeviceChunkTransfer.swift */ = {isa = PBXFileReference; lastKnownFileType = sourcecode.swift; path = DeviceChunkTransfer.swift; sourceTree = "<group>"; };
		D10000000000000000000016 /* DeviceChunkTransfer.swift */ = {isa = PBXFileReference; lastKnownFileType = sourcecode.swift; path = ../OngakuDesktop/DeviceChunkTransfer.swift; sourceTree = "<group>"; };
		D10000000000000000000001 /* OngakuMobileApp.swift */ = {isa = PBXFileReference; lastKnownFileType = sourcecode.swift; path = OngakuMobileApp.swift; sourceTree = "<group>"; };
		D10000000000000000000002 /* MobileContentView.swift */ = {isa = PBXFileReference; lastKnownFileType = sourcecode.swift; path = MobileContentView.swift; sourceTree = "<group>"; };
		D10000000000000000000003 /* MobileSyncController.swift */ = {isa = PBXFileReference; lastKnownFileType = sourcecode.swift; path = MobileSyncController.swift; sourceTree = "<group>"; };
		D10000000000000000000004 /* OngakuMobile.app */ = {isa = PBXFileReference; explicitFileType = wrapper.application; includeInIndex = 0; path = OngakuMobile.app; sourceTree = BUILT_PRODUCTS_DIR; };
		D10000000000000000000005 /* en */ = {isa = PBXFileReference; lastKnownFileType = text.plist.strings; name = en; path = Resources/en.lproj/Localizable.strings; sourceTree = "<group>"; };
		D10000000000000000000006 /* ja */ = {isa = PBXFileReference; lastKnownFileType = text.plist.strings; name = ja; path = Resources/ja.lproj/Localizable.strings; sourceTree = "<group>"; };
		D10000000000000000000007 /* zh-Hans */ = {isa = PBXFileReference; lastKnownFileType = text.plist.strings; name = "zh-Hans"; path = "Resources/zh-Hans.lproj/Localizable.strings"; sourceTree = "<group>"; };
		D10000000000000000000008 /* en */ = {isa = PBXFileReference; lastKnownFileType = text.plist.strings; name = en; path = Resources/en.lproj/InfoPlist.strings; sourceTree = "<group>"; };
		D10000000000000000000009 /* ja */ = {isa = PBXFileReference; lastKnownFileType = text.plist.strings; name = ja; path = Resources/ja.lproj/InfoPlist.strings; sourceTree = "<group>"; };
		D1000000000000000000000A /* zh-Hans */ = {isa = PBXFileReference; lastKnownFileType = text.plist.strings; name = "zh-Hans"; path = "Resources/zh-Hans.lproj/InfoPlist.strings"; sourceTree = "<group>"; };
		D1000000000000000000000B /* DeviceSyncModels.swift */ = {isa = PBXFileReference; lastKnownFileType = sourcecode.swift; path = ../OngakuDesktop/DeviceSyncModels.swift; sourceTree = "<group>"; };
		D10000000000000000000012 /* LibraryModels.swift */ = {isa = PBXFileReference; lastKnownFileType = sourcecode.swift; path = ../OngakuDesktop/LibraryModels.swift; sourceTree = "<group>"; };
		D10000000000000000000013 /* AudioFeatureAnalysis.swift */ = {isa = PBXFileReference; lastKnownFileType = sourcecode.swift; path = ../OngakuDesktop/AudioFeatureAnalysis.swift; sourceTree = "<group>"; };
		D10000000000000000000014 /* SharedMusicModels.swift */ = {isa = PBXFileReference; lastKnownFileType = sourcecode.swift; path = ../OngakuDesktop/SharedMusicModels.swift; sourceTree = "<group>"; };
		D10000000000000000000015 /* PrivacyInfo.xcprivacy */ = {isa = PBXFileReference; lastKnownFileType = text.xml; path = Resources/PrivacyInfo.xcprivacy; sourceTree = "<group>"; };
		10000000000000000000005A /* SharedMusicModels.swift */ = {isa = PBXFileReference; lastKnownFileType = sourcecode.swift; path = SharedMusicModels.swift; sourceTree = "<group>"; };
		10000000000000000000004B /* en */ = {isa = PBXFileReference; lastKnownFileType = text.plist.strings; name = en; path = Resources/en.lproj/InfoPlist.strings; sourceTree = "<group>"; };
		10000000000000000000004C /* ja */ = {isa = PBXFileReference; lastKnownFileType = text.plist.strings; name = ja; path = Resources/ja.lproj/InfoPlist.strings; sourceTree = "<group>"; };
		10000000000000000000004D /* zh-Hans */ = {isa = PBXFileReference; lastKnownFileType = text.plist.strings; name = "zh-Hans"; path = "Resources/zh-Hans.lproj/InfoPlist.strings"; sourceTree = "<group>"; };
		10000000000000000000000A /* LibraryContent.swift */ = {isa = PBXFileReference; lastKnownFileType = sourcecode.swift; path = LibraryContent.swift; sourceTree = "<group>"; };
		10000000000000000000000B /* TrackInspector.swift */ = {isa = PBXFileReference; lastKnownFileType = sourcecode.swift; path = TrackInspector.swift; sourceTree = "<group>"; };
		10000000000000000000000C /* PlayerBar.swift */ = {isa = PBXFileReference; lastKnownFileType = sourcecode.swift; path = PlayerBar.swift; sourceTree = "<group>"; };
		10000000000000000000000D /* en */ = {isa = PBXFileReference; lastKnownFileType = text.plist.strings; name = en; path = Resources/en.lproj/Localizable.strings; sourceTree = "<group>"; };
		10000000000000000000000E /* ja */ = {isa = PBXFileReference; lastKnownFileType = text.plist.strings; name = ja; path = Resources/ja.lproj/Localizable.strings; sourceTree = "<group>"; };
		10000000000000000000000F /* zh-Hans */ = {isa = PBXFileReference; lastKnownFileType = text.plist.strings; name = "zh-Hans"; path = "Resources/zh-Hans.lproj/Localizable.strings"; sourceTree = "<group>"; };
		100000000000000000000011 /* AudioOutputManager.swift */ = {isa = PBXFileReference; lastKnownFileType = sourcecode.swift; path = AudioOutputManager.swift; sourceTree = "<group>"; };
		100000000000000000000021 /* AudioEffectPreset.swift */ = {isa = PBXFileReference; lastKnownFileType = sourcecode.swift; path = AudioEffectPreset.swift; sourceTree = "<group>"; };
		100000000000000000000022 /* AudioEffectNode.swift */ = {isa = PBXFileReference; lastKnownFileType = sourcecode.swift; path = AudioEffectNode.swift; sourceTree = "<group>"; };
		100000000000000000000023 /* AudioEffectModuleRegistry.swift */ = {isa = PBXFileReference; lastKnownFileType = sourcecode.swift; path = AudioEffectModuleRegistry.swift; sourceTree = "<group>"; };
		100000000000000000000024 /* SimulationAudioEffect.swift */ = {isa = PBXFileReference; lastKnownFileType = sourcecode.swift; path = SimulationAudioEffect.swift; sourceTree = "<group>"; };
		100000000000000000000025 /* EqualizerAudioEffect.swift */ = {isa = PBXFileReference; lastKnownFileType = sourcecode.swift; path = EqualizerAudioEffect.swift; sourceTree = "<group>"; };
		100000000000000000000026 /* BodyAudioEffect.swift */ = {isa = PBXFileReference; lastKnownFileType = sourcecode.swift; path = BodyAudioEffect.swift; sourceTree = "<group>"; };
		100000000000000000000027 /* ExciterAudioEffect.swift */ = {isa = PBXFileReference; lastKnownFileType = sourcecode.swift; path = ExciterAudioEffect.swift; sourceTree = "<group>"; };
		100000000000000000000028 /* OptoFETAudioEffect.swift */ = {isa = PBXFileReference; lastKnownFileType = sourcecode.swift; path = OptoFETAudioEffect.swift; sourceTree = "<group>"; };
		100000000000000000000029 /* WarmAudioEffect.swift */ = {isa = PBXFileReference; lastKnownFileType = sourcecode.swift; path = WarmAudioEffect.swift; sourceTree = "<group>"; };
		10000000000000000000002A /* GlossAudioEffect.swift */ = {isa = PBXFileReference; lastKnownFileType = sourcecode.swift; path = GlossAudioEffect.swift; sourceTree = "<group>"; };
		10000000000000000000002B /* SpaceAudioEffect.swift */ = {isa = PBXFileReference; lastKnownFileType = sourcecode.swift; path = SpaceAudioEffect.swift; sourceTree = "<group>"; };
		10000000000000000000002C /* BBEAudioEffect.swift */ = {isa = PBXFileReference; lastKnownFileType = sourcecode.swift; path = BBEAudioEffect.swift; sourceTree = "<group>"; };
		10000000000000000000002D /* HighQualityEnhancementAudioEffect.swift */ = {isa = PBXFileReference; lastKnownFileType = sourcecode.swift; path = HighQualityEnhancementAudioEffect.swift; sourceTree = "<group>"; };
		10000000000000000000002E /* RotaryKnob.swift */ = {isa = PBXFileReference; lastKnownFileType = sourcecode.swift; path = RotaryKnob.swift; sourceTree = "<group>"; };
		10000000000000000000002F /* EffectsRackView.swift */ = {isa = PBXFileReference; lastKnownFileType = sourcecode.swift; path = EffectsRackView.swift; sourceTree = "<group>"; };
		100000000000000000000030 /* MiniToggleSwitch.swift */ = {isa = PBXFileReference; lastKnownFileType = sourcecode.swift; path = MiniToggleSwitch.swift; sourceTree = "<group>"; };
		100000000000000000000031 /* LibraryStorageSettings.swift */ = {isa = PBXFileReference; lastKnownFileType = sourcecode.swift; path = LibraryStorageSettings.swift; sourceTree = "<group>"; };
		100000000000000000000032 /* StorageSettingsView.swift */ = {isa = PBXFileReference; lastKnownFileType = sourcecode.swift; path = StorageSettingsView.swift; sourceTree = "<group>"; };
		100000000000000000000033 /* AppLanguageSettings.swift */ = {isa = PBXFileReference; lastKnownFileType = sourcecode.swift; path = AppLanguageSettings.swift; sourceTree = "<group>"; };
		100000000000000000000034 /* PreferencesView.swift */ = {isa = PBXFileReference; lastKnownFileType = sourcecode.swift; path = PreferencesView.swift; sourceTree = "<group>"; };
		100000000000000000000035 /* AppAppearanceSettings.swift */ = {isa = PBXFileReference; lastKnownFileType = sourcecode.swift; path = AppAppearanceSettings.swift; sourceTree = "<group>"; };
		100000000000000000000036 /* WindowPresentationController.swift */ = {isa = PBXFileReference; lastKnownFileType = sourcecode.swift; path = WindowPresentationController.swift; sourceTree = "<group>"; };
		100000000000000000000037 /* MiniPlayerView.swift */ = {isa = PBXFileReference; lastKnownFileType = sourcecode.swift; path = MiniPlayerView.swift; sourceTree = "<group>"; };
		100000000000000000000038 /* ArtworkResolver.swift */ = {isa = PBXFileReference; lastKnownFileType = sourcecode.swift; path = ArtworkResolver.swift; sourceTree = "<group>"; };
		100000000000000000000039 /* MetadataEditorView.swift */ = {isa = PBXFileReference; lastKnownFileType = sourcecode.swift; path = MetadataEditorView.swift; sourceTree = "<group>"; };
		100000000000000000000044 /* AudioFileMetadataWriter.swift */ = {isa = PBXFileReference; lastKnownFileType = sourcecode.swift; path = AudioFileMetadataWriter.swift; sourceTree = "<group>"; };
		100000000000000000000040 /* Assets.xcassets */ = {isa = PBXFileReference; lastKnownFileType = folder.assetcatalog; path = Packaging/Assets.xcassets; sourceTree = SOURCE_ROOT; };
		100000000000000000000041 /* SQLiteCatalogPrototype.swift */ = {isa = PBXFileReference; lastKnownFileType = sourcecode.swift; path = SQLiteCatalogPrototype.swift; sourceTree = "<group>"; };
		100000000000000000000042 /* SystemNowPlayingController.swift */ = {isa = PBXFileReference; lastKnownFileType = sourcecode.swift; path = SystemNowPlayingController.swift; sourceTree = "<group>"; };
		100000000000000000000043 /* PlayerMeterSettings.swift */ = {isa = PBXFileReference; lastKnownFileType = sourcecode.swift; path = PlayerMeterSettings.swift; sourceTree = "<group>"; };
		100000000000000000000020 /* OngakuDesktop.app */ = {isa = PBXFileReference; explicitFileType = wrapper.application; includeInIndex = 0; path = OngakuDesktop.app; sourceTree = BUILT_PRODUCTS_DIR; };
		U10000000000000000000001 /* OngakuDesktopUITests.swift */ = {isa = PBXFileReference; lastKnownFileType = sourcecode.swift; path = OngakuDesktopUITests.swift; sourceTree = "<group>"; };
		U10000000000000000000002 /* OngakuDesktopUITests.xctest */ = {isa = PBXFileReference; explicitFileType = wrapper.cfbundle; includeInIndex = 0; path = OngakuDesktopUITests.xctest; sourceTree = BUILT_PRODUCTS_DIR; };
/* End PBXFileReference section */

/* Begin PBXFrameworksBuildPhase section */
		300000000000000000000001 /* Frameworks */ = {
			isa = PBXFrameworksBuildPhase;
			buildActionMask = 2147483647;
			files = (
				200000000000000000000026 /* Sparkle in Frameworks */,
			);
			runOnlyForDeploymentPostprocessing = 0;
		};
		D30000000000000000000001 /* Frameworks */ = {
			isa = PBXFrameworksBuildPhase;
			buildActionMask = 2147483647;
			files = (
			);
			runOnlyForDeploymentPostprocessing = 0;
		};
		U30000000000000000000001 /* Frameworks */ = {
			isa = PBXFrameworksBuildPhase;
			buildActionMask = 2147483647;
			files = (
			);
			runOnlyForDeploymentPostprocessing = 0;
		};
/* End PBXFrameworksBuildPhase section */

/* Begin PBXGroup section */
		400000000000000000000001 = {
			isa = PBXGroup;
			children = (
				400000000000000000000002 /* OngakuDesktop */,
				D40000000000000000000001 /* OngakuMobile */,
				U40000000000000000000001 /* OngakuDesktopUITests */,
				100000000000000000000040 /* Assets.xcassets */,
				400000000000000000000003 /* Products */,
			);
			sourceTree = "<group>";
		};
		400000000000000000000002 /* OngakuDesktop */ = {
			isa = PBXGroup;
			children = (
				100000000000000000000001 /* OngakuDesktopApp.swift */,
				100000000000000000000002 /* DesignTokens.swift */,
				100000000000000000000003 /* Localization.swift */,
				100000000000000000000004 /* LibraryModels.swift */,
				10000000000000000000005A /* SharedMusicModels.swift */,
				100000000000000000000050 /* AudioFeatureAnalysis.swift */,
				100000000000000000000005 /* LibraryRepository.swift */,
				100000000000000000000041 /* SQLiteCatalogPrototype.swift */,
				100000000000000000000006 /* LibraryStore.swift */,
				100000000000000000000045 /* PlaylistTransfer.swift */,
				100000000000000000000046 /* LRCLIBService.swift */,
				100000000000000000000047 /* MusicBrainzService.swift */,
				100000000000000000000048 /* MusicBrainzCandidatePicker.swift */,
				100000000000000000000049 /* AudioCDImportView.swift */,
				100000000000000000000051 /* URLAudioImportView.swift */,
				100000000000000000000052 /* LegacyLibraryMigrationView.swift */,
				100000000000000000000053 /* OngakuLibraryMigrationView.swift */,
				100000000000000000000054 /* SharedFolderMigrationView.swift */,
				100000000000000000000055 /* MediaOrganizationView.swift */,
				100000000000000000000056 /* DeviceSyncModels.swift */,
				10000000000000000000005E /* DeviceChunkTransfer.swift */,
				100000000000000000000057 /* PhoneSyncController.swift */,
				100000000000000000000058 /* DeviceSyncView.swift */,
				10000000000000000000004A /* AppleMusicStoreView.swift */,
				10000000000000000000004F /* AppleMusicPlaybackController.swift */,
				100000000000000000000031 /* LibraryStorageSettings.swift */,
				100000000000000000000033 /* AppLanguageSettings.swift */,
				100000000000000000000035 /* AppAppearanceSettings.swift */,
				100000000000000000000043 /* PlayerMeterSettings.swift */,
				100000000000000000000036 /* WindowPresentationController.swift */,
				100000000000000000000007 /* PlaybackController.swift */,
				10000000000000000000005B /* AudioSignalPath.swift */,
				10000000000000000000005C /* SocialPrivacySettings.swift */,
				10000000000000000000005D /* SocialPrivacySettingsView.swift */,
				100000000000000000000042 /* SystemNowPlayingController.swift */,
				100000000000000000000011 /* AudioOutputManager.swift */,
				100000000000000000000021 /* AudioEffectPreset.swift */,
				100000000000000000000022 /* AudioEffectNode.swift */,
				100000000000000000000023 /* AudioEffectModuleRegistry.swift */,
				100000000000000000000024 /* SimulationAudioEffect.swift */,
				100000000000000000000025 /* EqualizerAudioEffect.swift */,
				100000000000000000000026 /* BodyAudioEffect.swift */,
				100000000000000000000027 /* ExciterAudioEffect.swift */,
				100000000000000000000028 /* OptoFETAudioEffect.swift */,
				100000000000000000000029 /* WarmAudioEffect.swift */,
				10000000000000000000002A /* GlossAudioEffect.swift */,
				10000000000000000000002B /* SpaceAudioEffect.swift */,
				10000000000000000000002C /* BBEAudioEffect.swift */,
				10000000000000000000002D /* HighQualityEnhancementAudioEffect.swift */,
				10000000000000000000002E /* RotaryKnob.swift */,
				10000000000000000000002F /* EffectsRackView.swift */,
				100000000000000000000030 /* MiniToggleSwitch.swift */,
				100000000000000000000008 /* ContentView.swift */,
				100000000000000000000009 /* LibrarySidebar.swift */,
				10000000000000000000000A /* LibraryContent.swift */,
				100000000000000000000038 /* ArtworkResolver.swift */,
				100000000000000000000039 /* MetadataEditorView.swift */,
				100000000000000000000044 /* AudioFileMetadataWriter.swift */,
				10000000000000000000000B /* TrackInspector.swift */,
				10000000000000000000000C /* PlayerBar.swift */,
				100000000000000000000037 /* MiniPlayerView.swift */,
				100000000000000000000032 /* StorageSettingsView.swift */,
				100000000000000000000034 /* PreferencesView.swift */,
				100000000000000000000010 /* Localizable.strings */,
				10000000000000000000004E /* InfoPlist.strings */,
				100000000000000000000059 /* PrivacyInfo.xcprivacy */,
			);
			name = OngakuDesktop;
			path = Sources/OngakuDesktop;
			sourceTree = "<group>";
		};
		D40000000000000000000001 /* OngakuMobile */ = {
			isa = PBXGroup;
			children = (
				D10000000000000000000001 /* OngakuMobileApp.swift */,
				D10000000000000000000002 /* MobileContentView.swift */,
				D10000000000000000000003 /* MobileSyncController.swift */,
				D1000000000000000000000B /* DeviceSyncModels.swift */,
				D10000000000000000000016 /* DeviceChunkTransfer.swift */,
				D10000000000000000000012 /* LibraryModels.swift */,
				D10000000000000000000013 /* AudioFeatureAnalysis.swift */,
				D10000000000000000000014 /* SharedMusicModels.swift */,
				D10000000000000000000010 /* Localizable.strings */,
				D10000000000000000000011 /* InfoPlist.strings */,
				D10000000000000000000015 /* PrivacyInfo.xcprivacy */,
			);
			name = OngakuMobile;
			path = Sources/OngakuMobile;
			sourceTree = "<group>";
		};
		U40000000000000000000001 /* OngakuDesktopUITests */ = {
			isa = PBXGroup;
			children = (
				U10000000000000000000001 /* OngakuDesktopUITests.swift */,
			);
			path = Tests/OngakuDesktopUITests;
			sourceTree = SOURCE_ROOT;
		};
		400000000000000000000003 /* Products */ = {
			isa = PBXGroup;
			children = (
				100000000000000000000020 /* OngakuDesktop.app */,
				D10000000000000000000004 /* OngakuMobile.app */,
				U10000000000000000000002 /* OngakuDesktopUITests.xctest */,
			);
			name = Products;
			sourceTree = "<group>";
		};
/* End PBXGroup section */

/* Begin PBXNativeTarget section */
		500000000000000000000001 /* OngakuDesktop */ = {
			isa = PBXNativeTarget;
			buildConfigurationList = 900000000000000000000002 /* Build configuration list for PBXNativeTarget "OngakuDesktop" */;
			buildPhases = (
				600000000000000000000001 /* Sources */,
				300000000000000000000001 /* Frameworks */,
				700000000000000000000001 /* Resources */,
			);
			buildRules = (
			);
			dependencies = (
			);
			name = OngakuDesktop;
			packageProductDependencies = (
				C00000000000000000000002 /* Sparkle */,
			);
			productName = OngakuDesktop;
			productReference = 100000000000000000000020 /* OngakuDesktop.app */;
			productType = "com.apple.product-type.application";
		};
		D50000000000000000000001 /* OngakuMobile */ = {
			isa = PBXNativeTarget;
			buildConfigurationList = D90000000000000000000001 /* Build configuration list for PBXNativeTarget "OngakuMobile" */;
			buildPhases = (
				D60000000000000000000001 /* Sources */,
				D30000000000000000000001 /* Frameworks */,
				D70000000000000000000001 /* Resources */,
			);
			buildRules = (
			);
			dependencies = (
			);
			name = OngakuMobile;
			packageProductDependencies = (
			);
			productName = OngakuMobile;
			productReference = D10000000000000000000004 /* OngakuMobile.app */;
			productType = "com.apple.product-type.application";
		};
		U50000000000000000000001 /* OngakuDesktopUITests */ = {
			isa = PBXNativeTarget;
			buildConfigurationList = UC00000000000000000000001 /* Build configuration list for PBXNativeTarget "OngakuDesktopUITests" */;
			buildPhases = (
				U60000000000000000000001 /* Sources */,
				U30000000000000000000001 /* Frameworks */,
				U70000000000000000000001 /* Resources */,
			);
			buildRules = (
			);
			dependencies = (
				U90000000000000000000001 /* PBXTargetDependency */,
			);
			name = OngakuDesktopUITests;
			productName = OngakuDesktopUITests;
			productReference = U10000000000000000000002 /* OngakuDesktopUITests.xctest */;
			productType = "com.apple.product-type.bundle.ui-testing";
		};
/* End PBXNativeTarget section */

/* Begin PBXProject section */
		800000000000000000000001 /* Project object */ = {
			isa = PBXProject;
			attributes = {
				BuildIndependentTargetsInParallel = 1;
				LastSwiftUpdateCheck = 2660;
				LastUpgradeCheck = 2660;
				TargetAttributes = {
					500000000000000000000001 = {
						CreatedOnToolsVersion = 26.6;
						DevelopmentTeam = 3WH28SSRZC;
						ProvisioningStyle = Automatic;
					};
					D50000000000000000000001 = {
						CreatedOnToolsVersion = 26.6;
						DevelopmentTeam = 3WH28SSRZC;
						ProvisioningStyle = Automatic;
					};
					U50000000000000000000001 = {
						CreatedOnToolsVersion = 26.6;
						TestTargetID = 500000000000000000000001;
					};
				};
			};
			buildConfigurationList = 900000000000000000000001 /* Build configuration list for PBXProject "OngakuDesktop" */;
			compatibilityVersion = "Xcode 15.0";
			developmentRegion = en;
			hasScannedForEncodings = 0;
			knownRegions = (
				en,
				ja,
				"zh-Hans",
				Base,
			);
			mainGroup = 400000000000000000000001;
			packageReferences = (
				C00000000000000000000001 /* XCLocalSwiftPackageReference "Sparkle" */,
			);
			productRefGroup = 400000000000000000000003 /* Products */;
			projectDirPath = "";
			projectRoot = "";
			targets = (
				500000000000000000000001 /* OngakuDesktop */,
				D50000000000000000000001 /* OngakuMobile */,
				U50000000000000000000001 /* OngakuDesktopUITests */,
			);
		};
/* End PBXProject section */

/* Begin PBXResourcesBuildPhase section */
		700000000000000000000001 /* Resources */ = {
			isa = PBXResourcesBuildPhase;
			buildActionMask = 2147483647;
			files = (
				20000000000000000000000D /* Localizable.strings in Resources */,
				200000000000000000000029 /* Assets.xcassets in Resources */,
				200000000000000000000034 /* InfoPlist.strings in Resources */,
				200000000000000000000045 /* PrivacyInfo.xcprivacy in Resources */,
			);
			runOnlyForDeploymentPostprocessing = 0;
		};
		D70000000000000000000001 /* Resources */ = {
			isa = PBXResourcesBuildPhase;
			buildActionMask = 2147483647;
			files = (
				D20000000000000000000005 /* Localizable.strings in Resources */,
				D20000000000000000000006 /* InfoPlist.strings in Resources */,
				D2000000000000000000000A /* PrivacyInfo.xcprivacy in Resources */,
			);
			runOnlyForDeploymentPostprocessing = 0;
		};
		U70000000000000000000001 /* Resources */ = {
			isa = PBXResourcesBuildPhase;
			buildActionMask = 2147483647;
			files = (
			);
			runOnlyForDeploymentPostprocessing = 0;
		};
/* End PBXResourcesBuildPhase section */

/* Begin PBXSourcesBuildPhase section */
		600000000000000000000001 /* Sources */ = {
			isa = PBXSourcesBuildPhase;
			buildActionMask = 2147483647;
			files = (
				200000000000000000000001 /* OngakuDesktopApp.swift in Sources */,
				200000000000000000000002 /* DesignTokens.swift in Sources */,
				200000000000000000000003 /* Localization.swift in Sources */,
				200000000000000000000004 /* LibraryModels.swift in Sources */,
				200000000000000000000046 /* SharedMusicModels.swift in Sources */,
				200000000000000000000036 /* AudioFeatureAnalysis.swift in Sources */,
				200000000000000000000005 /* LibraryRepository.swift in Sources */,
				20000000000000000000002A /* SQLiteCatalogPrototype.swift in Sources */,
				200000000000000000000006 /* LibraryStore.swift in Sources */,
				20000000000000000000002E /* PlaylistTransfer.swift in Sources */,
				20000000000000000000002F /* LRCLIBService.swift in Sources */,
				200000000000000000000030 /* MusicBrainzService.swift in Sources */,
				200000000000000000000031 /* MusicBrainzCandidatePicker.swift in Sources */,
				200000000000000000000032 /* AudioCDImportView.swift in Sources */,
				200000000000000000000037 /* URLAudioImportView.swift in Sources */,
				200000000000000000000038 /* LegacyLibraryMigrationView.swift in Sources */,
				200000000000000000000039 /* OngakuLibraryMigrationView.swift in Sources */,
				200000000000000000000040 /* SharedFolderMigrationView.swift in Sources */,
				200000000000000000000041 /* MediaOrganizationView.swift in Sources */,
				200000000000000000000042 /* DeviceSyncModels.swift in Sources */,
				20000000000000000000004A /* DeviceChunkTransfer.swift in Sources */,
				200000000000000000000043 /* PhoneSyncController.swift in Sources */,
				200000000000000000000044 /* DeviceSyncView.swift in Sources */,
				200000000000000000000033 /* AppleMusicStoreView.swift in Sources */,
				200000000000000000000035 /* AppleMusicPlaybackController.swift in Sources */,
				20000000000000000000001F /* LibraryStorageSettings.swift in Sources */,
				200000000000000000000021 /* AppLanguageSettings.swift in Sources */,
				200000000000000000000023 /* AppAppearanceSettings.swift in Sources */,
				20000000000000000000002C /* PlayerMeterSettings.swift in Sources */,
				200000000000000000000024 /* WindowPresentationController.swift in Sources */,
				200000000000000000000007 /* PlaybackController.swift in Sources */,
				200000000000000000000047 /* AudioSignalPath.swift in Sources */,
				200000000000000000000048 /* SocialPrivacySettings.swift in Sources */,
				200000000000000000000049 /* SocialPrivacySettingsView.swift in Sources */,
				20000000000000000000002B /* SystemNowPlayingController.swift in Sources */,
				20000000000000000000000E /* AudioOutputManager.swift in Sources */,
				20000000000000000000000F /* AudioEffectPreset.swift in Sources */,
				200000000000000000000010 /* AudioEffectNode.swift in Sources */,
				200000000000000000000011 /* AudioEffectModuleRegistry.swift in Sources */,
				200000000000000000000012 /* SimulationAudioEffect.swift in Sources */,
				200000000000000000000013 /* EqualizerAudioEffect.swift in Sources */,
				200000000000000000000014 /* BodyAudioEffect.swift in Sources */,
				200000000000000000000015 /* ExciterAudioEffect.swift in Sources */,
				200000000000000000000016 /* OptoFETAudioEffect.swift in Sources */,
				200000000000000000000017 /* WarmAudioEffect.swift in Sources */,
				200000000000000000000018 /* GlossAudioEffect.swift in Sources */,
				200000000000000000000019 /* SpaceAudioEffect.swift in Sources */,
				20000000000000000000001A /* BBEAudioEffect.swift in Sources */,
				20000000000000000000001B /* HighQualityEnhancementAudioEffect.swift in Sources */,
				20000000000000000000001C /* RotaryKnob.swift in Sources */,
				20000000000000000000001D /* EffectsRackView.swift in Sources */,
				20000000000000000000001E /* MiniToggleSwitch.swift in Sources */,
				200000000000000000000008 /* ContentView.swift in Sources */,
				200000000000000000000009 /* LibrarySidebar.swift in Sources */,
				20000000000000000000000A /* LibraryContent.swift in Sources */,
				200000000000000000000027 /* ArtworkResolver.swift in Sources */,
				200000000000000000000028 /* MetadataEditorView.swift in Sources */,
				20000000000000000000002D /* AudioFileMetadataWriter.swift in Sources */,
				20000000000000000000000B /* TrackInspector.swift in Sources */,
				20000000000000000000000C /* PlayerBar.swift in Sources */,
				200000000000000000000025 /* MiniPlayerView.swift in Sources */,
				200000000000000000000020 /* StorageSettingsView.swift in Sources */,
				200000000000000000000022 /* PreferencesView.swift in Sources */,
			);
			runOnlyForDeploymentPostprocessing = 0;
		};
		D60000000000000000000001 /* Sources */ = {
			isa = PBXSourcesBuildPhase;
			buildActionMask = 2147483647;
			files = (
				D20000000000000000000001 /* OngakuMobileApp.swift in Sources */,
				D20000000000000000000002 /* MobileContentView.swift in Sources */,
				D20000000000000000000003 /* MobileSyncController.swift in Sources */,
				D20000000000000000000004 /* DeviceSyncModels.swift in Sources */,
				D2000000000000000000000B /* DeviceChunkTransfer.swift in Sources */,
				D20000000000000000000007 /* LibraryModels.swift in Sources */,
				D20000000000000000000008 /* AudioFeatureAnalysis.swift in Sources */,
				D20000000000000000000009 /* SharedMusicModels.swift in Sources */,
			);
			runOnlyForDeploymentPostprocessing = 0;
		};
		U60000000000000000000001 /* Sources */ = {
			isa = PBXSourcesBuildPhase;
			buildActionMask = 2147483647;
			files = (
				U20000000000000000000001 /* OngakuDesktopUITests.swift in Sources */,
			);
			runOnlyForDeploymentPostprocessing = 0;
		};
/* End PBXSourcesBuildPhase section */

/* Begin PBXTargetDependency section */
		U90000000000000000000001 /* PBXTargetDependency */ = {
			isa = PBXTargetDependency;
			target = 500000000000000000000001 /* OngakuDesktop */;
			targetProxy = U80000000000000000000001 /* PBXContainerItemProxy */;
		};
/* End PBXTargetDependency section */

/* Begin PBXVariantGroup section */
		10000000000000000000004E /* InfoPlist.strings */ = {
			isa = PBXVariantGroup;
			children = (
				10000000000000000000004B /* en */,
				10000000000000000000004C /* ja */,
				10000000000000000000004D /* zh-Hans */,
			);
			name = InfoPlist.strings;
			sourceTree = "<group>";
		};
		100000000000000000000010 /* Localizable.strings */ = {
			isa = PBXVariantGroup;
			children = (
				10000000000000000000000D /* en */,
				10000000000000000000000E /* ja */,
				10000000000000000000000F /* zh-Hans */,
			);
			name = Localizable.strings;
			sourceTree = "<group>";
		};
		D10000000000000000000010 /* Localizable.strings */ = {
			isa = PBXVariantGroup;
			children = (
				D10000000000000000000005 /* en */,
				D10000000000000000000006 /* ja */,
				D10000000000000000000007 /* zh-Hans */,
			);
			name = Localizable.strings;
			sourceTree = "<group>";
		};
		D10000000000000000000011 /* InfoPlist.strings */ = {
			isa = PBXVariantGroup;
			children = (
				D10000000000000000000008 /* en */,
				D10000000000000000000009 /* ja */,
				D1000000000000000000000A /* zh-Hans */,
			);
			name = InfoPlist.strings;
			sourceTree = "<group>";
		};
/* End PBXVariantGroup section */

/* Begin XCBuildConfiguration section */
		A00000000000000000000001 /* Debug */ = {
			isa = XCBuildConfiguration;
			buildSettings = {
				ALWAYS_SEARCH_USER_PATHS = NO;
				CLANG_ENABLE_MODULES = YES;
				COPY_PHASE_STRIP = NO;
				DEBUG_INFORMATION_FORMAT = dwarf;
				ENABLE_TESTABILITY = YES;
				GCC_C_LANGUAGE_STANDARD = gnu17;
				GCC_OPTIMIZATION_LEVEL = 0;
				MACOSX_DEPLOYMENT_TARGET = 14.0;
				ONLY_ACTIVE_ARCH = YES;
				SDKROOT = macosx;
				SWIFT_ACTIVE_COMPILATION_CONDITIONS = "DEBUG $(inherited)";
				SWIFT_OPTIMIZATION_LEVEL = "-Onone";
			};
			name = Debug;
		};
		A00000000000000000000002 /* Release */ = {
			isa = XCBuildConfiguration;
			buildSettings = {
				ALWAYS_SEARCH_USER_PATHS = NO;
				ARCHS = "arm64 x86_64";
				CLANG_ENABLE_MODULES = YES;
				COPY_PHASE_STRIP = NO;
				DEBUG_INFORMATION_FORMAT = "dwarf-with-dsym";
				ENABLE_NS_ASSERTIONS = NO;
				GCC_C_LANGUAGE_STANDARD = gnu17;
				MACOSX_DEPLOYMENT_TARGET = 14.0;
				ONLY_ACTIVE_ARCH = NO;
				SDKROOT = macosx;
				SWIFT_COMPILATION_MODE = wholemodule;
			};
			name = Release;
		};
		B00000000000000000000001 /* Debug */ = {
			isa = XCBuildConfiguration;
			buildSettings = {
				APP_SHORTCUTS_ENABLE_FLEXIBLE_MATCHING = NO;
				ASSETCATALOG_COMPILER_APPICON_NAME = AppIcon;
				CODE_SIGN_IDENTITY = "Apple Development";
				CODE_SIGN_STYLE = Automatic;
				CURRENT_PROJECT_VERSION = 6;
				DEAD_CODE_STRIPPING = YES;
				DEVELOPMENT_TEAM = 3WH28SSRZC;
				ENABLE_APP_SANDBOX = NO;
				ENABLE_HARDENED_RUNTIME = YES;
				GENERATE_INFOPLIST_FILE = NO;
				INFOPLIST_FILE = Packaging/Info.plist;
				INFOPLIST_KEY_CFBundleDisplayName = "Ongaku Desktop";
				INFOPLIST_KEY_LSApplicationCategoryType = "public.app-category.music";
				LD_RUNPATH_SEARCH_PATHS = "$(inherited) @executable_path/../Frameworks";
				MACOSX_DEPLOYMENT_TARGET = 14.0;
				MARKETING_VERSION = 0.1.5;
				PRODUCT_BUNDLE_IDENTIFIER = com.ongaku.desktop;
				PRODUCT_NAME = "$(TARGET_NAME)";
				SDKROOT = macosx;
				SUPPORTED_PLATFORMS = macosx;
				SWIFT_EMIT_LOC_STRINGS = YES;
				SWIFT_STRICT_CONCURRENCY = complete;
				SWIFT_VERSION = 6.0;
			};
			name = Debug;
		};
		B00000000000000000000002 /* Release */ = {
			isa = XCBuildConfiguration;
			buildSettings = {
				APP_SHORTCUTS_ENABLE_FLEXIBLE_MATCHING = NO;
				ASSETCATALOG_COMPILER_APPICON_NAME = AppIcon;
				CODE_SIGN_IDENTITY = "Developer ID Application";
				CODE_SIGN_STYLE = Manual;
				CURRENT_PROJECT_VERSION = 6;
				DEAD_CODE_STRIPPING = YES;
				DEVELOPMENT_TEAM = 3WH28SSRZC;
				ENABLE_APP_SANDBOX = NO;
				ENABLE_HARDENED_RUNTIME = YES;
				GENERATE_INFOPLIST_FILE = NO;
				INFOPLIST_FILE = Packaging/Info.plist;
				INFOPLIST_KEY_CFBundleDisplayName = "Ongaku Desktop";
				INFOPLIST_KEY_LSApplicationCategoryType = "public.app-category.music";
				LD_RUNPATH_SEARCH_PATHS = "$(inherited) @executable_path/../Frameworks";
				MACOSX_DEPLOYMENT_TARGET = 14.0;
				MARKETING_VERSION = 0.1.5;
				PRODUCT_BUNDLE_IDENTIFIER = com.ongaku.desktop;
				PRODUCT_NAME = "$(TARGET_NAME)";
				SDKROOT = macosx;
				SUPPORTED_PLATFORMS = macosx;
				SWIFT_EMIT_LOC_STRINGS = YES;
				SWIFT_STRICT_CONCURRENCY = complete;
				SWIFT_VERSION = 6.0;
			};
			name = Release;
		};
		DA0000000000000000000001 /* Debug */ = {
			isa = XCBuildConfiguration;
			buildSettings = {
				CODE_SIGN_STYLE = Automatic;
				CURRENT_PROJECT_VERSION = 1;
				DEVELOPMENT_TEAM = 3WH28SSRZC;
				GENERATE_INFOPLIST_FILE = NO;
				INFOPLIST_FILE = Packaging/MobileInfo.plist;
				IPHONEOS_DEPLOYMENT_TARGET = 17.0;
				MARKETING_VERSION = 0.1.0;
				PRODUCT_BUNDLE_IDENTIFIER = com.ongaku.mobile;
				PRODUCT_NAME = "$(TARGET_NAME)";
				SDKROOT = iphoneos;
				SUPPORTED_PLATFORMS = "iphoneos iphonesimulator";
				SUPPORTS_MACCATALYST = NO;
				SWIFT_EMIT_LOC_STRINGS = YES;
				SWIFT_STRICT_CONCURRENCY = complete;
				SWIFT_VERSION = 6.0;
				TARGETED_DEVICE_FAMILY = "1,2";
			};
			name = Debug;
		};
		DA0000000000000000000002 /* Release */ = {
			isa = XCBuildConfiguration;
			buildSettings = {
				CODE_SIGN_STYLE = Automatic;
				CURRENT_PROJECT_VERSION = 1;
				DEVELOPMENT_TEAM = 3WH28SSRZC;
				GENERATE_INFOPLIST_FILE = NO;
				INFOPLIST_FILE = Packaging/MobileInfo.plist;
				IPHONEOS_DEPLOYMENT_TARGET = 17.0;
				MARKETING_VERSION = 0.1.0;
				PRODUCT_BUNDLE_IDENTIFIER = com.ongaku.mobile;
				PRODUCT_NAME = "$(TARGET_NAME)";
				SDKROOT = iphoneos;
				SUPPORTED_PLATFORMS = "iphoneos iphonesimulator";
				SUPPORTS_MACCATALYST = NO;
				SWIFT_EMIT_LOC_STRINGS = YES;
				SWIFT_STRICT_CONCURRENCY = complete;
				SWIFT_VERSION = 6.0;
				TARGETED_DEVICE_FAMILY = "1,2";
			};
			name = Release;
		};
		UA0000000000000000000001 /* Debug */ = {
			isa = XCBuildConfiguration;
			buildSettings = {
				CODE_SIGN_STYLE = Automatic;
				GENERATE_INFOPLIST_FILE = YES;
				MACOSX_DEPLOYMENT_TARGET = 14.0;
				PRODUCT_BUNDLE_IDENTIFIER = com.ongaku.desktop.uitests;
				PRODUCT_NAME = "$(TARGET_NAME)";
				SDKROOT = macosx;
				SWIFT_VERSION = 6.0;
				TEST_TARGET_NAME = OngakuDesktop;
			};
			name = Debug;
		};
		UA0000000000000000000002 /* Release */ = {
			isa = XCBuildConfiguration;
			buildSettings = {
				CODE_SIGN_STYLE = Automatic;
				GENERATE_INFOPLIST_FILE = YES;
				MACOSX_DEPLOYMENT_TARGET = 14.0;
				PRODUCT_BUNDLE_IDENTIFIER = com.ongaku.desktop.uitests;
				PRODUCT_NAME = "$(TARGET_NAME)";
				SDKROOT = macosx;
				SWIFT_VERSION = 6.0;
				TEST_TARGET_NAME = OngakuDesktop;
			};
			name = Release;
		};
/* End XCBuildConfiguration section */

/* Begin XCConfigurationList section */
		900000000000000000000001 /* Build configuration list for PBXProject "OngakuDesktop" */ = {
			isa = XCConfigurationList;
			buildConfigurations = (
				A00000000000000000000001 /* Debug */,
				A00000000000000000000002 /* Release */,
			);
			defaultConfigurationIsVisible = 0;
			defaultConfigurationName = Release;
		};
		900000000000000000000002 /* Build configuration list for PBXNativeTarget "OngakuDesktop" */ = {
			isa = XCConfigurationList;
			buildConfigurations = (
				B00000000000000000000001 /* Debug */,
				B00000000000000000000002 /* Release */,
			);
			defaultConfigurationIsVisible = 0;
			defaultConfigurationName = Release;
		};
		D90000000000000000000001 /* Build configuration list for PBXNativeTarget "OngakuMobile" */ = {
			isa = XCConfigurationList;
			buildConfigurations = (
				DA0000000000000000000001 /* Debug */,
				DA0000000000000000000002 /* Release */,
			);
			defaultConfigurationIsVisible = 0;
			defaultConfigurationName = Release;
		};
		UC00000000000000000000001 /* Build configuration list for PBXNativeTarget "OngakuDesktopUITests" */ = {
			isa = XCConfigurationList;
			buildConfigurations = (
				UA0000000000000000000001 /* Debug */,
				UA0000000000000000000002 /* Release */,
			);
			defaultConfigurationIsVisible = 0;
			defaultConfigurationName = Release;
		};
/* End XCConfigurationList section */

/* Begin XCLocalSwiftPackageReference section */
		C00000000000000000000001 /* XCLocalSwiftPackageReference "Sparkle" */ = {
			isa = XCLocalSwiftPackageReference;
			relativePath = Vendor/Sparkle;
		};
/* End XCLocalSwiftPackageReference section */

/* Begin XCSwiftPackageProductDependency section */
		C00000000000000000000002 /* Sparkle */ = {
			isa = XCSwiftPackageProductDependency;
			package = C00000000000000000000001 /* XCLocalSwiftPackageReference "Sparkle" */;
			productName = Sparkle;
		};
/* End XCSwiftPackageProductDependency section */
	};
	rootObject = 800000000000000000000001 /* Project object */;
}
